
Microsoft Visual Studio Solution File, Format Version 12.00
# Visual Studio 2012
Project("{FAE04EC0-301F-11D3-BF4B-00C04F79EFBC}") = "StoneFinch.ReactiveExtensions.Examples", "StoneFinch.ReactiveExtensions.Examples\StoneFinch.ReactiveExtensions.Examples.csproj", "{9117AF6E-5E1A-4874-98B9-D20724ADE9F6}"
EndProject
Project("{FAE04EC0-301F-11D3-BF4B-00C04F79EFBC}") = "StoneFinch.ReactiveExtensions.Examples.Tests", "StoneFinch.ReactiveExtensions.Examples.Tests\StoneFinch.ReactiveExtensions.Examples.Tests.csproj", "{F629A68C-1825-44A3-B603-AB0DCCA26A44}"
EndProject
Project("{FAE04EC0-301F-11D3-BF4B-00C04F79EFBC}") = "StoneFinch.ReactiveExtensions.Web", "StoneFinch.ReactiveExtensions.Web\StoneFinch.ReactiveExtensions.Web.csproj", "{7EAE9537-8DCF-4B53-867D-FE16B6ED9D17}"
EndProject
Project("{FAE04EC0-301F-11D3-BF4B-00C04F79EFBC}") = "StoneFinch.ReactiveExtensions.Wpf", "StoneFinch.ReactiveExtensions.Wpf\StoneFinch.ReactiveExtensions.Wpf.csproj", "{E904B325-D49F-4844-8578-B4958D9C680B}"
	ProjectSection(ProjectDependencies) = postProject
		{7EAE9537-8DCF-4B53-867D-FE16B6ED9D17} = {7EAE9537-8DCF-4B53-867D-FE16B6ED9D17}
	EndProjectSection
EndProject
Project("{FAE04EC0-301F-11D3-BF4B-00C04F79EFBC}") = "StoneFinch.ReactiveExtensions.Wpf4", "StoneFinch.ReactiveExtensions.Wpf4\StoneFinch.ReactiveExtensions.Wpf4.csproj", "{22829F55-9625-4F24-B21E-C10B86E0D656}"
	ProjectSection(ProjectDependencies) = postProject
		{7EAE9537-8DCF-4B53-867D-FE16B6ED9D17} = {7EAE9537-8DCF-4B53-867D-FE16B6ED9D17}
	EndProjectSection
EndProject
Global
	GlobalSection(SolutionConfigurationPlatforms) = preSolution
		Debug|Any CPU = Debug|Any CPU
		Release|Any CPU = Release|Any CPU
	EndGlobalSection
	GlobalSection(ProjectConfigurationPlatforms) = postSolution
		{9117AF6E-5E1A-4874-98B9-D20724ADE9F6}.Debug|Any CPU.ActiveCfg = Debug|Any CPU
		{9117AF6E-5E1A-4874-98B9-D20724ADE9F6}.Debug|Any CPU.Build.0 = Debug|Any CPU
		{9117AF6E-5E1A-4874-98B9-D20724ADE9F6}.Release|Any CPU.ActiveCfg = Release|Any CPU
		{9117AF6E-5E1A-4874-98B9-D20724ADE9F6}.Release|Any CPU.Build.0 = Release|Any CPU
		{F629A68C-1825-44A3-B603-AB0DCCA26A44}.Debug|Any CPU.ActiveCfg = Debug|Any CPU
		{F629A68C-1825-44A3-B603-AB0DCCA26A44}.Debug|Any CPU.Build.0 = Debug|Any CPU
		{F629A68C-1825-44A3-B603-AB0DCCA26A44}.Release|Any CPU.ActiveCfg = Release|Any CPU
		{F629A68C-1825-44A3-B603-AB0DCCA26A44}.Release|Any CPU.Build.0 = Release|Any CPU
		{7EAE9537-8DCF-4B53-867D-FE16B6ED9D17}.Debug|Any CPU.ActiveCfg = Debug|Any CPU
		{7EAE9537-8DCF-4B53-867D-FE16B6ED9D17}.Debug|Any CPU.Build.0 = Debug|Any CPU
		{7EAE9537-8DCF-4B53-867D-FE16B6ED9D17}.Release|Any CPU.ActiveCfg = Release|Any CPU
		{7EAE9537-8DCF-4B53-867D-FE16B6ED9D17}.Release|Any CPU.Build.0 = Release|Any CPU
		{E904B325-D49F-4844-8578-B4958D9C680B}.Debug|Any CPU.ActiveCfg = Debug|Any CPU
		{E904B325-D49F-4844-8578-B4958D9C680B}.Debug|Any CPU.Build.0 = Debug|Any CPU
		{E904B325-D49F-4844-8578-B4958D9C680B}.Release|Any CPU.ActiveCfg = Release|Any CPU
		{E904B325-D49F-4844-8578-B4958D9C680B}.Release|Any CPU.Build.0 = Release|Any CPU
		{22829F55-9625-4F24-B21E-C10B86E0D656}.Debug|Any CPU.ActiveCfg = Debug|Any CPU
		{22829F55-9625-4F24-B21E-C10B86E0D656}.Debug|Any CPU.Build.0 = Debug|Any CPU
		{22829F55-9625-4F24-B21E-C10B86E0D656}.Release|Any CPU.ActiveCfg = Release|Any CPU
		{22829F55-9625-4F24-B21E-C10B86E0D656}.Release|Any CPU.Build.0 = Release|Any CPU
	EndGlobalSection
	GlobalSection(SolutionProperties) = preSolution
		HideSolutionNode = FALSE
	EndGlobalSection
EndGlobal
